// !$*UTF8*$!
{
	archiveVersion = 1;
	classes = {
	};
	objectVersion = 45;
	objects = {

/* Begin PBXBuildFile section */
		1D3623260D0F684500981E51 /* iMyTableAppDelegate.m in Sources */ = {isa = PBXBuildFile; fileRef = 1D3623250D0F684500981E51 /* iMyTableAppDelegate.m */; };
		1D60589B0D05DD56006BFB54 /* main.m in Sources */ = {isa = PBXBuildFile; fileRef = 29B97316FDCFA39411CA2CEA /* main.m */; };
		1D60589F0D05DD5A006BFB54 /* Foundation.framework in Frameworks */ = {isa = PBXBuildFile; fileRef = 1D30AB110D05D00D00671497 /* Foundation.framework */; };
		1DF5F4E00D08C38300B7A737 /* UIKit.framework in Frameworks */ = {isa = PBXBuildFile; fileRef = 1DF5F4DF0D08C38300B7A737 /* UIKit.framework */; };
		288765080DF74369002DB57D /* CoreGraphics.framework in Frameworks */ = {isa = PBXBuildFile; fileRef = 288765070DF74369002DB57D /* CoreGraphics.framework */; };
		28AD73880D9D96C1002E5188 /* MainWindow.xib in Resources */ = {isa = PBXBuildFile; fileRef = 28AD73870D9D96C1002E5188 /* MainWindow.xib */; };
		CCAE8D5D13C8617800173203 /* CXMLDocument_CreationExtensions.m in Sources */ = {isa = PBXBuildFile; fileRef = CCAE8D4613C8617800173203 /* CXMLDocument_CreationExtensions.m */; };
		CCAE8D5E13C8617800173203 /* CXMLNode_CreationExtensions.m in Sources */ = {isa = PBXBuildFile; fileRef = CCAE8D4813C8617800173203 /* CXMLNode_CreationExtensions.m */; };
		CCAE8D5F13C8617800173203 /* CXMLDocument.m in Sources */ = {isa = PBXBuildFile; fileRef = CCAE8D4A13C8617800173203 /* CXMLDocument.m */; };
		CCAE8D6013C8617800173203 /* CXMLDocument_PrivateExtensions.m in Sources */ = {isa = PBXBuildFile; fileRef = CCAE8D4C13C8617800173203 /* CXMLDocument_PrivateExtensions.m */; };
		CCAE8D6113C8617800173203 /* CXMLElement.m in Sources */ = {isa = PBXBuildFile; fileRef = CCAE8D4E13C8617800173203 /* CXMLElement.m */; };
		CCAE8D6213C8617800173203 /* CXMLElement_CreationExtensions.m in Sources */ = {isa = PBXBuildFile; fileRef = CCAE8D5013C8617800173203 /* CXMLElement_CreationExtensions.m */; };
		CCAE8D6313C8617800173203 /* CXMLElement_ElementTreeExtensions.m in Sources */ = {isa = PBXBuildFile; fileRef = CCAE8D5213C8617800173203 /* CXMLElement_ElementTreeExtensions.m */; };
		CCAE8D6413C8617800173203 /* CXMLNode.m in Sources */ = {isa = PBXBuildFile; fileRef = CCAE8D5413C8617800173203 /* CXMLNode.m */; };
		CCAE8D6513C8617800173203 /* CXMLNode_PrivateExtensions.m in Sources */ = {isa = PBXBuildFile; fileRef = CCAE8D5613C8617800173203 /* CXMLNode_PrivateExtensions.m */; };
		CCAE8D6613C8617800173203 /* CXMLNode_XPathExtensions.m in Sources */ = {isa = PBXBuildFile; fileRef = CCAE8D5813C8617800173203 /* CXMLNode_XPathExtensions.m */; };
		CCAE8D6713C8617800173203 /* CTidy.m in Sources */ = {isa = PBXBuildFile; fileRef = CCAE8D5B13C8617800173203 /* CTidy.m */; };
		CCAE8D9F13C864C500173203 /* libxml2.2.7.3.dylib in Frameworks */ = {isa = PBXBuildFile; fileRef = CCAE8D9E13C864C500173203 /* libxml2.2.7.3.dylib */; };
		CCAE8E2513C886B900173203 /* banner.png in Resources */ = {isa = PBXBuildFile; fileRef = CCAE8E2413C886B900173203 /* banner.png */; };
		CCAF491B13BA143B0058959C /* ChangePassViewController.m in Sources */ = {isa = PBXBuildFile; fileRef = CCAF491913BA143B0058959C /* ChangePassViewController.m */; };
		CCAF491C13BA143B0058959C /* ChangePassViewController.xib in Resources */ = {isa = PBXBuildFile; fileRef = CCAF491A13BA143B0058959C /* ChangePassViewController.xib */; };
		CCAF493713BA19630058959C /* ForgetPassViewController.m in Sources */ = {isa = PBXBuildFile; fileRef = CCAF493513BA19630058959C /* ForgetPassViewController.m */; };
		CCAF493813BA19630058959C /* ForgetPassViewController.xib in Resources */ = {isa = PBXBuildFile; fileRef = CCAF493613BA19630058959C /* ForgetPassViewController.xib */; };
		CCAF496B13BA23B30058959C /* FirstViewController.m in Sources */ = {isa = PBXBuildFile; fileRef = CCAF496913BA23B30058959C /* FirstViewController.m */; };
		CCAF496C13BA23B30058959C /* FirstViewController.xib in Resources */ = {isa = PBXBuildFile; fileRef = CCAF496A13BA23B30058959C /* FirstViewController.xib */; };
		CCAF498B13BA23F20058959C /* SecondViewController.m in Sources */ = {isa = PBXBuildFile; fileRef = CCAF498913BA23F20058959C /* SecondViewController.m */; };
		CCAF498C13BA23F20058959C /* SecondViewController.xib in Resources */ = {isa = PBXBuildFile; fileRef = CCAF498A13BA23F20058959C /* SecondViewController.xib */; };
		CCAF49A813BA2FFC0058959C /* FindaRestaurentViewController.m in Sources */ = {isa = PBXBuildFile; fileRef = CCAF49A613BA2FFC0058959C /* FindaRestaurentViewController.m */; };
		CCAF49A913BA2FFC0058959C /* FindaRestaurentViewController.xib in Resources */ = {isa = PBXBuildFile; fileRef = CCAF49A713BA2FFC0058959C /* FindaRestaurentViewController.xib */; };
		CCAFF84313C7470700CE4C8A /* Request.m in Sources */ = {isa = PBXBuildFile; fileRef = CCAFF84213C7470700CE4C8A /* Request.m */; };
		CCB55C6313BCB513000EA2B1 /* Table.m in Sources */ = {isa = PBXBuildFile; fileRef = CCB55C6213BCB513000EA2B1 /* Table.m */; };
		CCB55CAC13BCC2BB000EA2B1 /* circle.png in Resources */ = {isa = PBXBuildFile; fileRef = CCB55CAB13BCC2BB000EA2B1 /* circle.png */; };
		CCB55D2F13BCDAD2000EA2B1 /* ProfileViewController.m in Sources */ = {isa = PBXBuildFile; fileRef = CCB55D2D13BCDAD2000EA2B1 /* ProfileViewController.m */; };
		CCB55D3013BCDAD2000EA2B1 /* ProfileViewController.xib in Resources */ = {isa = PBXBuildFile; fileRef = CCB55D2E13BCDAD2000EA2B1 /* ProfileViewController.xib */; };
		CCBBBAAB13B9306100C4A608 /* Default.png in Resources */ = {isa = PBXBuildFile; fileRef = CCBBBAAA13B9306100C4A608 /* Default.png */; };
		CCBBBAB113B930CA00C4A608 /* LoginViewController.m in Sources */ = {isa = PBXBuildFile; fileRef = CCBBBAAF13B930CA00C4A608 /* LoginViewController.m */; };
		CCBBBAB213B930CA00C4A608 /* LoginViewController.xib in Resources */ = {isa = PBXBuildFile; fileRef = CCBBBAB013B930CA00C4A608 /* LoginViewController.xib */; };
		CCBBBAF413B93FDB00C4A608 /* RegisterViewController.m in Sources */ = {isa = PBXBuildFile; fileRef = CCBBBAF213B93FDB00C4A608 /* RegisterViewController.m */; };
		CCBBBAF513B93FDB00C4A608 /* RegisterViewController.xib in Resources */ = {isa = PBXBuildFile; fileRef = CCBBBAF313B93FDB00C4A608 /* RegisterViewController.xib */; };
		CCC191AE13CB330F004ADC13 /* Person.m in Sources */ = {isa = PBXBuildFile; fileRef = CCC191AD13CB330F004ADC13 /* Person.m */; };
		CCC191E413CB4613004ADC13 /* notchecked.png in Resources */ = {isa = PBXBuildFile; fileRef = CCC191E313CB4613004ADC13 /* notchecked.png */; };
		CCC191E613CB462D004ADC13 /* checked.png in Resources */ = {isa = PBXBuildFile; fileRef = CCC191E513CB462D004ADC13 /* checked.png */; };
		CCC3060D13BB833E0044E7E1 /* Cell.xib in Resources */ = {isa = PBXBuildFile; fileRef = CCC3060C13BB833E0044E7E1 /* Cell.xib */; };
		CCC3063913BB881D0044E7E1 /* FindMeATableViewController.m in Sources */ = {isa = PBXBuildFile; fileRef = CCC3063713BB881D0044E7E1 /* FindMeATableViewController.m */; };
		CCC3063A13BB881D0044E7E1 /* FindMeATableViewController.xib in Resources */ = {isa = PBXBuildFile; fileRef = CCC3063813BB881D0044E7E1 /* FindMeATableViewController.xib */; };
/* End PBXBuildFile section */

/* Begin PBXFileReference section */
		1D30AB110D05D00D00671497 /* Foundation.framework */ = {isa = PBXFileReference; lastKnownFileType = wrapper.framework; name = Foundation.framework; path = System/Library/Frameworks/Foundation.framework; sourceTree = SDKROOT; };
		1D3623240D0F684500981E51 /* iMyTableAppDelegate.h */ = {isa = PBXFileReference; fileEncoding = 4; lastKnownFileType = sourcecode.c.h; path = iMyTableAppDelegate.h; sourceTree = "<group>"; };
		1D3623250D0F684500981E51 /* iMyTableAppDelegate.m */ = {isa = PBXFileReference; fileEncoding = 4; lastKnownFileType = sourcecode.c.objc; path = iMyTableAppDelegate.m; sourceTree = "<group>"; };
		1D6058910D05DD3D006BFB54 /* iMyTable.app */ = {isa = PBXFileReference; explicitFileType = wrapper.application; includeInIndex = 0; path = iMyTable.app; sourceTree = BUILT_PRODUCTS_DIR; };
		1DF5F4DF0D08C38300B7A737 /* UIKit.framework */ = {isa = PBXFileReference; lastKnownFileType = wrapper.framework; name = UIKit.framework; path = System/Library/Frameworks/UIKit.framework; sourceTree = SDKROOT; };
		288765070DF74369002DB57D /* CoreGraphics.framework */ = {isa = PBXFileReference; lastKnownFileType = wrapper.framework; name = CoreGraphics.framework; path = System/Library/Frameworks/CoreGraphics.framework; sourceTree = SDKROOT; };
		28A0AB4B0D9B1048005BE974 /* iMyTable_Prefix.pch */ = {isa = PBXFileReference; fileEncoding = 4; lastKnownFileType = sourcecode.c.h; path = iMyTable_Prefix.pch; sourceTree = "<group>"; };
		28AD73870D9D96C1002E5188 /* MainWindow.xib */ = {isa = PBXFileReference; lastKnownFileType = file.xib; path = MainWindow.xib; sourceTree = "<group>"; };
		29B97316FDCFA39411CA2CEA /* main.m */ = {isa = PBXFileReference; fileEncoding = 4; lastKnownFileType = sourcecode.c.objc; path = main.m; sourceTree = "<group>"; };
		8D1107310486CEB800E47090 /* iMyTable-Info.plist */ = {isa = PBXFileReference; fileEncoding = 4; lastKnownFileType = text.plist.xml; path = "iMyTable-Info.plist"; plistStructureDefinitionIdentifier = "com.apple.xcode.plist.structure-definition.iphone.info-plist"; sourceTree = "<group>"; };
		CCAE8D4513C8617800173203 /* CXMLDocument_CreationExtensions.h */ = {isa = PBXFileReference; fileEncoding = 4; lastKnownFileType = sourcecode.c.h; path = CXMLDocument_CreationExtensions.h; sourceTree = "<group>"; };
		CCAE8D4613C8617800173203 /* CXMLDocument_CreationExtensions.m */ = {isa = PBXFileReference; fileEncoding = 4; lastKnownFileType = sourcecode.c.objc; path = CXMLDocument_CreationExtensions.m; sourceTree = "<group>"; };
		CCAE8D4713C8617800173203 /* CXMLNode_CreationExtensions.h */ = {isa = PBXFileReference; fileEncoding = 4; lastKnownFileType = sourcecode.c.h; path = CXMLNode_CreationExtensions.h; sourceTree = "<group>"; };
		CCAE8D4813C8617800173203 /* CXMLNode_CreationExtensions.m */ = {isa = PBXFileReference; fileEncoding = 4; lastKnownFileType = sourcecode.c.objc; path = CXMLNode_CreationExtensions.m; sourceTree = "<group>"; };
		CCAE8D4913C8617800173203 /* CXMLDocument.h */ = {isa = PBXFileReference; fileEncoding = 4; lastKnownFileType = sourcecode.c.h; path = CXMLDocument.h; sourceTree = "<group>"; };
		CCAE8D4A13C8617800173203 /* CXMLDocument.m */ = {isa = PBXFileReference; fileEncoding = 4; lastKnownFileType = sourcecode.c.objc; path = CXMLDocument.m; sourceTree = "<group>"; };
		CCAE8D4B13C8617800173203 /* CXMLDocument_PrivateExtensions.h */ = {isa = PBXFileReference; fileEncoding = 4; lastKnownFileType = sourcecode.c.h; path = CXMLDocument_PrivateExtensions.h; sourceTree = "<group>"; };
		CCAE8D4C13C8617800173203 /* CXMLDocument_PrivateExtensions.m */ = {isa = PBXFileReference; fileEncoding = 4; lastKnownFileType = sourcecode.c.objc; path = CXMLDocument_PrivateExtensions.m; sourceTree = "<group>"; };
		CCAE8D4D13C8617800173203 /* CXMLElement.h */ = {isa = PBXFileReference; fileEncoding = 4; lastKnownFileType = sourcecode.c.h; path = CXMLElement.h; sourceTree = "<group>"; };
		CCAE8D4E13C8617800173203 /* CXMLElement.m */ = {isa = PBXFileReference; fileEncoding = 4; lastKnownFileType = sourcecode.c.objc; path = CXMLElement.m; sourceTree = "<group>"; };
		CCAE8D4F13C8617800173203 /* CXMLElement_CreationExtensions.h */ = {isa = PBXFileReference; fileEncoding = 4; lastKnownFileType = sourcecode.c.h; path = CXMLElement_CreationExtensions.h; sourceTree = "<group>"; };
		CCAE8D5013C8617800173203 /* CXMLElement_CreationExtensions.m */ = {isa = PBXFileReference; fileEncoding = 4; lastKnownFileType = sourcecode.c.objc; path = CXMLElement_CreationExtensions.m; sourceTree = "<group>"; };
		CCAE8D5113C8617800173203 /* CXMLElement_ElementTreeExtensions.h */ = {isa = PBXFileReference; fileEncoding = 4; lastKnownFileType = sourcecode.c.h; path = CXMLElement_ElementTreeExtensions.h; sourceTree = "<group>"; };
		CCAE8D5213C8617800173203 /* CXMLElement_ElementTreeExtensions.m */ = {isa = PBXFileReference; fileEncoding = 4; lastKnownFileType = sourcecode.c.objc; path = CXMLElement_ElementTreeExtensions.m; sourceTree = "<group>"; };
		CCAE8D5313C8617800173203 /* CXMLNode.h */ = {isa = PBXFileReference; fileEncoding = 4; lastKnownFileType = sourcecode.c.h; path = CXMLNode.h; sourceTree = "<group>"; };
		CCAE8D5413C8617800173203 /* CXMLNode.m */ = {isa = PBXFileReference; fileEncoding = 4; lastKnownFileType = sourcecode.c.objc; path = CXMLNode.m; sourceTree = "<group>"; };
		CCAE8D5513C8617800173203 /* CXMLNode_PrivateExtensions.h */ = {isa = PBXFileReference; fileEncoding = 4; lastKnownFileType = sourcecode.c.h; path = CXMLNode_PrivateExtensions.h; sourceTree = "<group>"; };
		CCAE8D5613C8617800173203 /* CXMLNode_PrivateExtensions.m */ = {isa = PBXFileReference; fileEncoding = 4; lastKnownFileType = sourcecode.c.objc; path = CXMLNode_PrivateExtensions.m; sourceTree = "<group>"; };
		CCAE8D5713C8617800173203 /* CXMLNode_XPathExtensions.h */ = {isa = PBXFileReference; fileEncoding = 4; lastKnownFileType = sourcecode.c.h; path = CXMLNode_XPathExtensions.h; sourceTree = "<group>"; };
		CCAE8D5813C8617800173203 /* CXMLNode_XPathExtensions.m */ = {isa = PBXFileReference; fileEncoding = 4; lastKnownFileType = sourcecode.c.objc; path = CXMLNode_XPathExtensions.m; sourceTree = "<group>"; };
		CCAE8D5A13C8617800173203 /* CTidy.h */ = {isa = PBXFileReference; fileEncoding = 4; lastKnownFileType = sourcecode.c.h; path = CTidy.h; sourceTree = "<group>"; };
		CCAE8D5B13C8617800173203 /* CTidy.m */ = {isa = PBXFileReference; fileEncoding = 4; lastKnownFileType = sourcecode.c.objc; path = CTidy.m; sourceTree = "<group>"; };
		CCAE8D5C13C8617800173203 /* TouchXML.h */ = {isa = PBXFileReference; fileEncoding = 4; lastKnownFileType = sourcecode.c.h; path = TouchXML.h; sourceTree = "<group>"; };
		CCAE8D9E13C864C500173203 /* libxml2.2.7.3.dylib */ = {isa = PBXFileReference; lastKnownFileType = "compiled.mach-o.dylib"; name = libxml2.2.7.3.dylib; path = usr/lib/libxml2.2.7.3.dylib; sourceTree = SDKROOT; };
		CCAE8E2413C886B900173203 /* banner.png */ = {isa = PBXFileReference; lastKnownFileType = image.png; path = banner.png; sourceTree = "<group>"; };
		CCAF491813BA143B0058959C /* ChangePassViewController.h */ = {isa = PBXFileReference; fileEncoding = 4; lastKnownFileType = sourcecode.c.h; path = ChangePassViewController.h; sourceTree = "<group>"; };
		CCAF491913BA143B0058959C /* ChangePassViewController.m */ = {isa = PBXFileReference; fileEncoding = 4; lastKnownFileType = sourcecode.c.objc; path = ChangePassViewController.m; sourceTree = "<group>"; };
		CCAF491A13BA143B0058959C /* ChangePassViewController.xib */ = {isa = PBXFileReference; lastKnownFileType = file.xib; name = ChangePassViewController.xib; path = Classes/ChangePassViewController.xib; sourceTree = "<group>"; };
		CCAF493413BA19630058959C /* ForgetPassViewController.h */ = {isa = PBXFileReference; fileEncoding = 4; lastKnownFileType = sourcecode.c.h; path = ForgetPassViewController.h; sourceTree = "<group>"; };
		CCAF493513BA19630058959C /* ForgetPassViewController.m */ = {isa = PBXFileReference; fileEncoding = 4; lastKnownFileType = sourcecode.c.objc; path = ForgetPassViewController.m; sourceTree = "<group>"; };
		CCAF493613BA19630058959C /* ForgetPassViewController.xib */ = {isa = PBXFileReference; lastKnownFileType = file.xib; name = ForgetPassViewController.xib; path = Classes/ForgetPassViewController.xib; sourceTree = "<group>"; };
		CCAF496813BA23B30058959C /* FirstViewController.h */ = {isa = PBXFileReference; fileEncoding = 4; lastKnownFileType = sourcecode.c.h; path = FirstViewController.h; sourceTree = "<group>"; };
		CCAF496913BA23B30058959C /* FirstViewController.m */ = {isa = PBXFileReference; fileEncoding = 4; lastKnownFileType = sourcecode.c.objc; path = FirstViewController.m; sourceTree = "<group>"; };
		CCAF496A13BA23B30058959C /* FirstViewController.xib */ = {isa = PBXFileReference; lastKnownFileType = file.xib; name = FirstViewController.xib; path = Classes/FirstViewController.xib; sourceTree = "<group>"; };
		CCAF498813BA23F20058959C /* SecondViewController.h */ = {isa = PBXFileReference; fileEncoding = 4; lastKnownFileType = sourcecode.c.h; path = SecondViewController.h; sourceTree = "<group>"; };
		CCAF498913BA23F20058959C /* SecondViewController.m */ = {isa = PBXFileReference; fileEncoding = 4; lastKnownFileType = sourcecode.c.objc; path = SecondViewController.m; sourceTree = "<group>"; };
		CCAF498A13BA23F20058959C /* SecondViewController.xib */ = {isa = PBXFileReference; lastKnownFileType = file.xib; name = SecondViewController.xib; path = Classes/SecondViewController.xib; sourceTree = "<group>"; };
		CCAF49A513BA2FFC0058959C /* FindaRestaurentViewController.h */ = {isa = PBXFileReference; fileEncoding = 4; lastKnownFileType = sourcecode.c.h; path = FindaRestaurentViewController.h; sourceTree = "<group>"; };
		CCAF49A613BA2FFC0058959C /* FindaRestaurentViewController.m */ = {isa = PBXFileReference; fileEncoding = 4; lastKnownFileType = sourcecode.c.objc; path = FindaRestaurentViewController.m; sourceTree = "<group>"; };
		CCAF49A713BA2FFC0058959C /* FindaRestaurentViewController.xib */ = {isa = PBXFileReference; lastKnownFileType = file.xib; name = FindaRestaurentViewController.xib; path = Classes/FindaRestaurentViewController.xib; sourceTree = "<group>"; };
		CCAFF84113C7470700CE4C8A /* Request.h */ = {isa = PBXFileReference; fileEncoding = 4; lastKnownFileType = sourcecode.c.h; path = Request.h; sourceTree = "<group>"; };
		CCAFF84213C7470700CE4C8A /* Request.m */ = {isa = PBXFileReference; fileEncoding = 4; lastKnownFileType = sourcecode.c.objc; path = Request.m; sourceTree = "<group>"; };
		CCB55C6113BCB513000EA2B1 /* Table.h */ = {isa = PBXFileReference; fileEncoding = 4; lastKnownFileType = sourcecode.c.h; path = Table.h; sourceTree = "<group>"; };
		CCB55C6213BCB513000EA2B1 /* Table.m */ = {isa = PBXFileReference; fileEncoding = 4; lastKnownFileType = sourcecode.c.objc; path = Table.m; sourceTree = "<group>"; };
		CCB55CAB13BCC2BB000EA2B1 /* circle.png */ = {isa = PBXFileReference; lastKnownFileType = image.png; path = circle.png; sourceTree = "<group>"; };
		CCB55D2C13BCDAD2000EA2B1 /* ProfileViewController.h */ = {isa = PBXFileReference; fileEncoding = 4; lastKnownFileType = sourcecode.c.h; path = ProfileViewController.h; sourceTree = "<group>"; };
		CCB55D2D13BCDAD2000EA2B1 /* ProfileViewController.m */ = {isa = PBXFileReference; fileEncoding = 4; lastKnownFileType = sourcecode.c.objc; path = ProfileViewController.m; sourceTree = "<group>"; };
		CCB55D2E13BCDAD2000EA2B1 /* ProfileViewController.xib */ = {isa = PBXFileReference; lastKnownFileType = file.xib; name = ProfileViewController.xib; path = Classes/ProfileViewController.xib; sourceTree = "<group>"; };
		CCBBBAAA13B9306100C4A608 /* Default.png */ = {isa = PBXFileReference; lastKnownFileType = image.png; path = Default.png; sourceTree = "<group>"; };
		CCBBBAAE13B930CA00C4A608 /* LoginViewController.h */ = {isa = PBXFileReference; fileEncoding = 4; lastKnownFileType = sourcecode.c.h; path = LoginViewController.h; sourceTree = "<group>"; };
		CCBBBAAF13B930CA00C4A608 /* LoginViewController.m */ = {isa = PBXFileReference; fileEncoding = 4; lastKnownFileType = sourcecode.c.objc; path = LoginViewController.m; sourceTree = "<group>"; };
		CCBBBAB013B930CA00C4A608 /* LoginViewController.xib */ = {isa = PBXFileReference; lastKnownFileType = file.xib; name = LoginViewController.xib; path = Classes/LoginViewController.xib; sourceTree = "<group>"; };
		CCBBBAF113B93FDB00C4A608 /* RegisterViewController.h */ = {isa = PBXFileReference; fileEncoding = 4; lastKnownFileType = sourcecode.c.h; path = RegisterViewController.h; sourceTree = "<group>"; };
		CCBBBAF213B93FDB00C4A608 /* RegisterViewController.m */ = {isa = PBXFileReference; fileEncoding = 4; lastKnownFileType = sourcecode.c.objc; path = RegisterViewController.m; sourceTree = "<group>"; };
		CCBBBAF313B93FDB00C4A608 /* RegisterViewController.xib */ = {isa = PBXFileReference; lastKnownFileType = file.xib; name = RegisterViewController.xib; path = Classes/RegisterViewController.xib; sourceTree = "<group>"; };
		CCC191AC13CB330E004ADC13 /* Person.h */ = {isa = PBXFileReference; fileEncoding = 4; lastKnownFileType = sourcecode.c.h; path = Person.h; sourceTree = "<group>"; };
		CCC191AD13CB330F004ADC13 /* Person.m */ = {isa = PBXFileReference; fileEncoding = 4; lastKnownFileType = sourcecode.c.objc; path = Person.m; sourceTree = "<group>"; };
		CCC191E313CB4613004ADC13 /* notchecked.png */ = {isa = PBXFileReference; lastKnownFileType = image.png; path = notchecked.png; sourceTree = "<group>"; };
		CCC191E513CB462D004ADC13 /* checked.png */ = {isa = PBXFileReference; lastKnownFileType = image.png; path = checked.png; sourceTree = "<group>"; };
		CCC3060C13BB833E0044E7E1 /* Cell.xib */ = {isa = PBXFileReference; lastKnownFileType = file.xib; path = Cell.xib; sourceTree = "<group>"; };
		CCC3063613BB881D0044E7E1 /* FindMeATableViewController.h */ = {isa = PBXFileReference; fileEncoding = 4; lastKnownFileType = sourcecode.c.h; path = FindMeATableViewController.h; sourceTree = "<group>"; };
		CCC3063713BB881D0044E7E1 /* FindMeATableViewController.m */ = {isa = PBXFileReference; fileEncoding = 4; lastKnownFileType = sourcecode.c.objc; path = FindMeATableViewController.m; sourceTree = "<group>"; };
		CCC3063813BB881D0044E7E1 /* FindMeATableViewController.xib */ = {isa = PBXFileReference; lastKnownFileType = file.xib; name = FindMeATableViewController.xib; path = Classes/FindMeATableViewController.xib; sourceTree = "<group>"; };
/* End PBXFileReference section */

/* Begin PBXFrameworksBuildPhase section */
		1D60588F0D05DD3D006BFB54 /* Frameworks */ = {
			isa = PBXFrameworksBuildPhase;
			buildActionMask = 2147483647;
			files = (
				1D60589F0D05DD5A006BFB54 /* Foundation.framework in Frameworks */,
				1DF5F4E00D08C38300B7A737 /* UIKit.framework in Frameworks */,
				288765080DF74369002DB57D /* CoreGraphics.framework in Frameworks */,
				CCAE8D9F13C864C500173203 /* libxml2.2.7.3.dylib in Frameworks */,
			);
			runOnlyForDeploymentPostprocessing = 0;
		};
/* End PBXFrameworksBuildPhase section */

/* Begin PBXGroup section */
		080E96DDFE201D6D7F000001 /* Classes */ = {
			isa = PBXGroup;
			children = (
				CCAE8D4313C8615800173203 /* TouchXML */,
				CCAFF84113C7470700CE4C8A /* Request.h */,
				CCAFF84213C7470700CE4C8A /* Request.m */,
				CCB55C6013BCB4EB000EA2B1 /* model */,
				1D3623240D0F684500981E51 /* iMyTableAppDelegate.h */,
				1D3623250D0F684500981E51 /* iMyTableAppDelegate.m */,
				CCBBBAAE13B930CA00C4A608 /* LoginViewController.h */,
				CCBBBAAF13B930CA00C4A608 /* LoginViewController.m */,
				CCBBBAF113B93FDB00C4A608 /* RegisterViewController.h */,
				CCBBBAF213B93FDB00C4A608 /* RegisterViewController.m */,
				CCAF491813BA143B0058959C /* ChangePassViewController.h */,
				CCAF491913BA143B0058959C /* ChangePassViewController.m */,
				CCAF493413BA19630058959C /* ForgetPassViewController.h */,
				CCAF493513BA19630058959C /* ForgetPassViewController.m */,
				CCAF496813BA23B30058959C /* FirstViewController.h */,
				CCAF496913BA23B30058959C /* FirstViewController.m */,
				CCAF498813BA23F20058959C /* SecondViewController.h */,
				CCAF498913BA23F20058959C /* SecondViewController.m */,
				CCAF49A513BA2FFC0058959C /* FindaRestaurentViewController.h */,
				CCAF49A613BA2FFC0058959C /* FindaRestaurentViewController.m */,
				CCC3063613BB881D0044E7E1 /* FindMeATableViewController.h */,
				CCC3063713BB881D0044E7E1 /* FindMeATableViewController.m */,
				CCB55D2C13BCDAD2000EA2B1 /* ProfileViewController.h */,
				CCB55D2D13BCDAD2000EA2B1 /* ProfileViewController.m */,
			);
			path = Classes;
			sourceTree = "<group>";
		};
		19C28FACFE9D520D11CA2CBB /* Products */ = {
			isa = PBXGroup;
			children = (
				1D6058910D05DD3D006BFB54 /* iMyTable.app */,
			);
			name = Products;
			sourceTree = "<group>";
		};
		29B97314FDCFA39411CA2CEA /* iMyTable */ = {
			isa = PBXGroup;
			children = (
				080E96DDFE201D6D7F000001 /* Classes */,
				29B97315FDCFA39411CA2CEA /* Other Sources */,
				29B97317FDCFA39411CA2CEA /* Resources */,
				29B97323FDCFA39411CA2CEA /* Frameworks */,
				19C28FACFE9D520D11CA2CBB /* Products */,
				CCAE8D9E13C864C500173203 /* libxml2.2.7.3.dylib */,
			);
			name = iMyTable;
			sourceTree = "<group>";
		};
		29B97315FDCFA39411CA2CEA /* Other Sources */ = {
			isa = PBXGroup;
			children = (
				28A0AB4B0D9B1048005BE974 /* iMyTable_Prefix.pch */,
				29B97316FDCFA39411CA2CEA /* main.m */,
			);
			name = "Other Sources";
			sourceTree = "<group>";
		};
		29B97317FDCFA39411CA2CEA /* Resources */ = {
			isa = PBXGroup;
			children = (
				CCBBBAA913B9301E00C4A608 /* images */,
				CCAF496A13BA23B30058959C /* FirstViewController.xib */,
				CCAF498A13BA23F20058959C /* SecondViewController.xib */,
				CCAF49A713BA2FFC0058959C /* FindaRestaurentViewController.xib */,
				CCAF491A13BA143B0058959C /* ChangePassViewController.xib */,
				CCB55D2E13BCDAD2000EA2B1 /* ProfileViewController.xib */,
				CCAF493613BA19630058959C /* ForgetPassViewController.xib */,
				CCBBBAB013B930CA00C4A608 /* LoginViewController.xib */,
				CCBBBAF313B93FDB00C4A608 /* RegisterViewController.xib */,
				CCC3063813BB881D0044E7E1 /* FindMeATableViewController.xib */,
				28AD73870D9D96C1002E5188 /* MainWindow.xib */,
				8D1107310486CEB800E47090 /* iMyTable-Info.plist */,
				CCC3060C13BB833E0044E7E1 /* Cell.xib */,
			);
			name = Resources;
			sourceTree = "<group>";
		};
		29B97323FDCFA39411CA2CEA /* Frameworks */ = {
			isa = PBXGroup;
			children = (
				1DF5F4DF0D08C38300B7A737 /* UIKit.framework */,
				1D30AB110D05D00D00671497 /* Foundation.framework */,
				288765070DF74369002DB57D /* CoreGraphics.framework */,
			);
			name = Frameworks;
			sourceTree = "<group>";
		};
		CCAE8D4313C8615800173203 /* TouchXML */ = {
			isa = PBXGroup;
			children = (
				CCAE8D4413C8617800173203 /* Creation */,
				CCAE8D4913C8617800173203 /* CXMLDocument.h */,
				CCAE8D4A13C8617800173203 /* CXMLDocument.m */,
				CCAE8D4B13C8617800173203 /* CXMLDocument_PrivateExtensions.h */,
				CCAE8D4C13C8617800173203 /* CXMLDocument_PrivateExtensions.m */,
				CCAE8D4D13C8617800173203 /* CXMLElement.h */,
				CCAE8D4E13C8617800173203 /* CXMLElement.m */,
				CCAE8D4F13C8617800173203 /* CXMLElement_CreationExtensions.h */,
				CCAE8D5013C8617800173203 /* CXMLElement_CreationExtensions.m */,
				CCAE8D5113C8617800173203 /* CXMLElement_ElementTreeExtensions.h */,
				CCAE8D5213C8617800173203 /* CXMLElement_ElementTreeExtensions.m */,
				CCAE8D5313C8617800173203 /* CXMLNode.h */,
				CCAE8D5413C8617800173203 /* CXMLNode.m */,
				CCAE8D5513C8617800173203 /* CXMLNode_PrivateExtensions.h */,
				CCAE8D5613C8617800173203 /* CXMLNode_PrivateExtensions.m */,
				CCAE8D5713C8617800173203 /* CXMLNode_XPathExtensions.h */,
				CCAE8D5813C8617800173203 /* CXMLNode_XPathExtensions.m */,
				CCAE8D5913C8617800173203 /* Tidy */,
				CCAE8D5C13C8617800173203 /* TouchXML.h */,
			);
			name = TouchXML;
			sourceTree = "<group>";
		};
		CCAE8D4413C8617800173203 /* Creation */ = {
			isa = PBXGroup;
			children = (
				CCAE8D4513C8617800173203 /* CXMLDocument_CreationExtensions.h */,
				CCAE8D4613C8617800173203 /* CXMLDocument_CreationExtensions.m */,
				CCAE8D4713C8617800173203 /* CXMLNode_CreationExtensions.h */,
				CCAE8D4813C8617800173203 /* CXMLNode_CreationExtensions.m */,
			);
			path = Creation;
			sourceTree = "<group>";
		};
		CCAE8D5913C8617800173203 /* Tidy */ = {
			isa = PBXGroup;
			children = (
				CCAE8D5A13C8617800173203 /* CTidy.h */,
				CCAE8D5B13C8617800173203 /* CTidy.m */,
			);
			path = Tidy;
			sourceTree = "<group>";
		};
		CCB55C6013BCB4EB000EA2B1 /* model */ = {
			isa = PBXGroup;
			children = (
				CCB55C6113BCB513000EA2B1 /* Table.h */,
				CCB55C6213BCB513000EA2B1 /* Table.m */,
				CCC191AC13CB330E004ADC13 /* Person.h */,
				CCC191AD13CB330F004ADC13 /* Person.m */,
			);
			name = model;
			sourceTree = "<group>";
		};
		CCBBBAA913B9301E00C4A608 /* images */ = {
			isa = PBXGroup;
			children = (
				CCC191E513CB462D004ADC13 /* checked.png */,
				CCC191E313CB4613004ADC13 /* notchecked.png */,
				CCAE8E2413C886B900173203 /* banner.png */,
				CCB55CAB13BCC2BB000EA2B1 /* circle.png */,
				CCBBBAAA13B9306100C4A608 /* Default.png */,
			);
			path = images;
			sourceTree = "<group>";
		};
/* End PBXGroup section */

/* Begin PBXNativeTarget section */
		1D6058900D05DD3D006BFB54 /* iMyTable */ = {
			isa = PBXNativeTarget;
			buildConfigurationList = 1D6058960D05DD3E006BFB54 /* Build configuration list for PBXNativeTarget "iMyTable" */;
			buildPhases = (
				1D60588D0D05DD3D006BFB54 /* Resources */,
				1D60588E0D05DD3D006BFB54 /* Sources */,
				1D60588F0D05DD3D006BFB54 /* Frameworks */,
			);
			buildRules = (
			);
			dependencies = (
			);
			name = iMyTable;
			productName = iMyTable;
			productReference = 1D6058910D05DD3D006BFB54 /* iMyTable.app */;
			productType = "com.apple.product-type.application";
		};
/* End PBXNativeTarget section */

/* Begin PBXProject section */
		29B97313FDCFA39411CA2CEA /* Project object */ = {
			isa = PBXProject;
			buildConfigurationList = C01FCF4E08A954540054247B /* Build configuration list for PBXProject "iMyTable" */;
			compatibilityVersion = "Xcode 3.1";
			hasScannedForEncodings = 1;
			mainGroup = 29B97314FDCFA39411CA2CEA /* iMyTable */;
			projectDirPath = "";
			projectRoot = "";
			targets = (
				1D6058900D05DD3D006BFB54 /* iMyTable */,
			);
		};
/* End PBXProject section */

/* Begin PBXResourcesBuildPhase section */
		1D60588D0D05DD3D006BFB54 /* Resources */ = {
			isa = PBXResourcesBuildPhase;
			buildActionMask = 2147483647;
			files = (
				28AD73880D9D96C1002E5188 /* MainWindow.xib in Resources */,
				CCBBBAAB13B9306100C4A608 /* Default.png in Resources */,
				CCBBBAB213B930CA00C4A608 /* LoginViewController.xib in Resources */,
				CCBBBAF513B93FDB00C4A608 /* RegisterViewController.xib in Resources */,
				CCAF491C13BA143B0058959C /* ChangePassViewController.xib in Resources */,
				CCAF493813BA19630058959C /* ForgetPassViewController.xib in Resources */,
				CCAF496C13BA23B30058959C /* FirstViewController.xib in Resources */,
				CCAF498C13BA23F20058959C /* SecondViewController.xib in Resources */,
				CCAF49A913BA2FFC0058959C /* FindaRestaurentViewController.xib in Resources */,
				CCC3060D13BB833E0044E7E1 /* Cell.xib in Resources */,
				CCC3063A13BB881D0044E7E1 /* FindMeATableViewController.xib in Resources */,
				CCB55CAC13BCC2BB000EA2B1 /* circle.png in Resources */,
				CCB55D3013BCDAD2000EA2B1 /* ProfileViewController.xib in Resources */,
				CCAE8E2513C886B900173203 /* banner.png in Resources */,
				CCC191E413CB4613004ADC13 /* notchecked.png in Resources */,
				CCC191E613CB462D004ADC13 /* checked.png in Resources */,
			);
			runOnlyForDeploymentPostprocessing = 0;
		};
/* End PBXResourcesBuildPhase section */

/* Begin PBXSourcesBuildPhase section */
		1D60588E0D05DD3D006BFB54 /* Sources */ = {
			isa = PBXSourcesBuildPhase;
			buildActionMask = 2147483647;
			files = (
				1D60589B0D05DD56006BFB54 /* main.m in Sources */,
				1D3623260D0F684500981E51 /* iMyTableAppDelegate.m in Sources */,
				CCBBBAB113B930CA00C4A608 /* LoginViewController.m in Sources */,
				CCBBBAF413B93FDB00C4A608 /* RegisterViewController.m in Sources */,
				CCAF491B13BA143B0058959C /* ChangePassViewController.m in Sources */,
				CCAF493713BA19630058959C /* ForgetPassViewController.m in Sources */,
				CCAF496B13BA23B30058959C /* FirstViewController.m in Sources */,
				CCAF498B13BA23F20058959C /* SecondViewController.m in Sources */,
				CCAF49A813BA2FFC0058959C /* FindaRestaurentViewController.m in Sources */,
				CCC3063913BB881D0044E7E1 /* FindMeATableViewController.m in Sources */,
				CCB55C6313BCB513000EA2B1 /* Table.m in Sources */,
				CCB55D2F13BCDAD2000EA2B1 /* ProfileViewController.m in Sources */,
				CCAFF84313C7470700CE4C8A /* Request.m in Sources */,
				CCAE8D5D13C8617800173203 /* CXMLDocument_CreationExtensions.m in Sources */,
				CCAE8D5E13C8617800173203 /* CXMLNode_CreationExtensions.m in Sources */,
				CCAE8D5F13C8617800173203 /* CXMLDocument.m in Sources */,
				CCAE8D6013C8617800173203 /* CXMLDocument_PrivateExtensions.m in Sources */,
				CCAE8D6113C8617800173203 /* CXMLElement.m in Sources */,
				CCAE8D6213C8617800173203 /* CXMLElement_CreationExtensions.m in Sources */,
				CCAE8D6313C8617800173203 /* CXMLElement_ElementTreeExtensions.m in Sources */,
				CCAE8D6413C8617800173203 /* CXMLNode.m in Sources */,
				CCAE8D6513C8617800173203 /* CXMLNode_PrivateExtensions.m in Sources */,
				CCAE8D6613C8617800173203 /* CXMLNode_XPathExtensions.m in Sources */,
				CCAE8D6713C8617800173203 /* CTidy.m in Sources */,
				CCC191AE13CB330F004ADC13 /* Person.m in Sources */,
			);
			runOnlyForDeploymentPostprocessing = 0;
		};
/* End PBXSourcesBuildPhase section */

/* Begin XCBuildConfiguration section */
		1D6058940D05DD3E006BFB54 /* Debug */ = {
			isa = XCBuildConfiguration;
			buildSettings = {
				ALWAYS_SEARCH_USER_PATHS = NO;
				COPY_PHASE_STRIP = NO;
				GCC_DYNAMIC_NO_PIC = NO;
				GCC_OPTIMIZATION_LEVEL = 0;
				GCC_PRECOMPILE_PREFIX_HEADER = YES;
				GCC_PREFIX_HEADER = iMyTable_Prefix.pch;
				HEADER_SEARCH_PATHS = /usr/include/libxml2;
				INFOPLIST_FILE = "iMyTable-Info.plist";
				PRODUCT_NAME = iMyTable;
			};
			name = Debug;
		};
		1D6058950D05DD3E006BFB54 /* Release */ = {
			isa = XCBuildConfiguration;
			buildSettings = {
				ALWAYS_SEARCH_USER_PATHS = NO;
				COPY_PHASE_STRIP = YES;
				GCC_PRECOMPILE_PREFIX_HEADER = YES;
				GCC_PREFIX_HEADER = iMyTable_Prefix.pch;
				HEADER_SEARCH_PATHS = /usr/include/libxml2;
				INFOPLIST_FILE = "iMyTable-Info.plist";
				PRODUCT_NAME = iMyTable;
			};
			name = Release;
		};
		C01FCF4F08A954540054247B /* Debug */ = {
			isa = XCBuildConfiguration;
			buildSettings = {
				ARCHS = "$(ARCHS_STANDARD_32_BIT)";
				"CODE_SIGN_IDENTITY[sdk=iphoneos*]" = "iPhone Developer";
				GCC_C_LANGUAGE_STANDARD = c99;
				GCC_WARN_ABOUT_RETURN_TYPE = YES;
				GCC_WARN_UNUSED_VARIABLE = YES;
				HEADER_SEARCH_PATHS = usr/include/libxml2;
				OTHER_LDFLAGS = "-lxml2";
				PREBINDING = NO;
				SDKROOT = iphoneos3.1.2;
			};
			name = Debug;
		};
		C01FCF5008A954540054247B /* Release */ = {
			isa = XCBuildConfiguration;
			buildSettings = {
				ARCHS = "$(ARCHS_STANDARD_32_BIT)";
				"CODE_SIGN_IDENTITY[sdk=iphoneos*]" = "iPhone Developer";
				GCC_C_LANGUAGE_STANDARD = c99;
				GCC_WARN_ABOUT_RETURN_TYPE = YES;
				GCC_WARN_UNUSED_VARIABLE = YES;
				HEADER_SEARCH_PATHS = usr/include/libxml2;
				OTHER_LDFLAGS = "-lxml2";
				PREBINDING = NO;
				SDKROOT = iphoneos3.1.2;
			};
			name = Release;
		};
/* End XCBuildConfiguration section */

/* Begin XCConfigurationList section */
		1D6058960D05DD3E006BFB54 /* Build configuration list for PBXNativeTarget "iMyTable" */ = {
			isa = XCConfigurationList;
			buildConfigurations = (
				1D6058940D05DD3E006BFB54 /* Debug */,
				1D6058950D05DD3E006BFB54 /* Release */,
			);
			defaultConfigurationIsVisible = 0;
			defaultConfigurationName = Release;
		};
		C01FCF4E08A954540054247B /* Build configuration list for PBXProject "iMyTable" */ = {
			isa = XCConfigurationList;
			buildConfigurations = (
				C01FCF4F08A954540054247B /* Debug */,
				C01FCF5008A954540054247B /* Release */,
			);
			defaultConfigurationIsVisible = 0;
			defaultConfigurationName = Release;
		};
/* End XCConfigurationList section */
	};
	rootObject = 29B97313FDCFA39411CA2CEA /* Project object */;
}
